
Microsoft Visual Studio Solution File, Format Version 12.00
# Visual Studio Version 16
VisualStudioVersion = 16.0.30709.64
MinimumVisualStudioVersion = 10.0.40219.1
Project("{FAE04EC0-301F-11D3-BF4B-00C04F79EFBC}") = "Shotr.Ui", "src\Shotr.Ui\Shotr.Ui.csproj", "{EB71B51F-26B4-4142-86BD-935ABD0DFDBA}"
EndProject
Project("{2150E333-8FDC-42A3-9474-1A3956D46DE8}") = "src", "src", "{5C04A2E4-97A6-406E-B487-F0CBAD8BDA0A}"
EndProject
Global
	GlobalSection(SolutionConfigurationPlatforms) = preSolution
		Debug|Any CPU = Debug|Any CPU
		Release|Any CPU = Release|Any CPU
	EndGlobalSection
	GlobalSection(ProjectConfigurationPlatforms) = postSolution
		{EB71B51F-26B4-4142-86BD-935ABD0DFDBA}.Debug|Any CPU.ActiveCfg = Debug|Any CPU
		{EB71B51F-26B4-4142-86BD-935ABD0DFDBA}.Debug|Any CPU.Build.0 = Debug|Any CPU
		{EB71B51F-26B4-4142-86BD-935ABD0DFDBA}.Release|Any CPU.ActiveCfg = Release|Any CPU
		{EB71B51F-26B4-4142-86BD-935ABD0DFDBA}.Release|Any CPU.Build.0 = Release|Any CPU
	EndGlobalSection
	GlobalSection(SolutionProperties) = preSolution
		HideSolutionNode = FALSE
	EndGlobalSection
	GlobalSection(NestedProjects) = preSolution
		{EB71B51F-26B4-4142-86BD-935ABD0DFDBA} = {5C04A2E4-97A6-406E-B487-F0CBAD8BDA0A}
	EndGlobalSection
	GlobalSection(ExtensibilityGlobals) = postSolution
		SolutionGuid = {01BE9BF5-9915-43C8-929B-97A2FE1E5F71}
	EndGlobalSection
EndGlobal
