
Microsoft Visual Studio Solution File, Format Version 12.00
# Visual Studio Version 16
VisualStudioVersion = 16.0.30709.64
MinimumVisualStudioVersion = 10.0.40219.1
Project("{9A19103F-16F7-4668-BE54-9A1E7A4F7556}") = "Shotr.Ui", "src\Shotr.Ui\Shotr.Ui.csproj", "{EB71B51F-26B4-4142-86BD-935ABD0DFDBA}"
EndProject
Project("{2150E333-8FDC-42A3-9474-1A3956D46DE8}") = "src", "src", "{5C04A2E4-97A6-406E-B487-F0CBAD8BDA0A}"
EndProject
Project("{9A19103F-16F7-4668-BE54-9A1E7A4F7556}") = "Shotr.Core", "src\Shotr.Core\Shotr.Core.csproj", "{80B46D46-CFA4-4D91-BBBA-4C3DD34A9F06}"
EndProject
Project("{9A19103F-16F7-4668-BE54-9A1E7A4F7556}") = "MetroFramework5", "src\MetroFramework5\MetroFramework5.csproj", "{478D14A5-AA54-4CE5-8ABE-B020E7E7DBDD}"
EndProject
Project("{9A19103F-16F7-4668-BE54-9A1E7A4F7556}") = "ShotrUploaderPlugin", "src\ShotrUploaderPlugin\ShotrUploaderPlugin.csproj", "{176CDC05-72A1-44C5-BD7C-7487832694C8}"
EndProject
Project("{9A19103F-16F7-4668-BE54-9A1E7A4F7556}") = "Shotr.Core.Quantizer", "src\Shotr.Core.Quantizer\Shotr.Core.Quantizer.csproj", "{C41C05C3-B25D-421B-BF17-ED098AED839A}"
EndProject
Global
	GlobalSection(SolutionConfigurationPlatforms) = preSolution
		Debug|Any CPU = Debug|Any CPU
		Debug|x64 = Debug|x64
		Release|Any CPU = Release|Any CPU
		Release|x64 = Release|x64
	EndGlobalSection
	GlobalSection(ProjectConfigurationPlatforms) = postSolution
		{EB71B51F-26B4-4142-86BD-935ABD0DFDBA}.Debug|Any CPU.ActiveCfg = Debug|Any CPU
		{EB71B51F-26B4-4142-86BD-935ABD0DFDBA}.Debug|Any CPU.Build.0 = Debug|Any CPU
		{EB71B51F-26B4-4142-86BD-935ABD0DFDBA}.Debug|x64.ActiveCfg = Debug|x64
		{EB71B51F-26B4-4142-86BD-935ABD0DFDBA}.Debug|x64.Build.0 = Debug|x64
		{EB71B51F-26B4-4142-86BD-935ABD0DFDBA}.Release|Any CPU.ActiveCfg = Release|Any CPU
		{EB71B51F-26B4-4142-86BD-935ABD0DFDBA}.Release|Any CPU.Build.0 = Release|Any CPU
		{EB71B51F-26B4-4142-86BD-935ABD0DFDBA}.Release|x64.ActiveCfg = Release|x64
		{EB71B51F-26B4-4142-86BD-935ABD0DFDBA}.Release|x64.Build.0 = Release|x64
		{80B46D46-CFA4-4D91-BBBA-4C3DD34A9F06}.Debug|Any CPU.ActiveCfg = Debug|Any CPU
		{80B46D46-CFA4-4D91-BBBA-4C3DD34A9F06}.Debug|Any CPU.Build.0 = Debug|Any CPU
		{80B46D46-CFA4-4D91-BBBA-4C3DD34A9F06}.Debug|x64.ActiveCfg = Debug|x64
		{80B46D46-CFA4-4D91-BBBA-4C3DD34A9F06}.Debug|x64.Build.0 = Debug|x64
		{80B46D46-CFA4-4D91-BBBA-4C3DD34A9F06}.Release|Any CPU.ActiveCfg = Release|Any CPU
		{80B46D46-CFA4-4D91-BBBA-4C3DD34A9F06}.Release|Any CPU.Build.0 = Release|Any CPU
		{80B46D46-CFA4-4D91-BBBA-4C3DD34A9F06}.Release|x64.ActiveCfg = Release|x64
		{80B46D46-CFA4-4D91-BBBA-4C3DD34A9F06}.Release|x64.Build.0 = Release|x64
		{478D14A5-AA54-4CE5-8ABE-B020E7E7DBDD}.Debug|Any CPU.ActiveCfg = Debug|Any CPU
		{478D14A5-AA54-4CE5-8ABE-B020E7E7DBDD}.Debug|Any CPU.Build.0 = Debug|Any CPU
		{478D14A5-AA54-4CE5-8ABE-B020E7E7DBDD}.Debug|x64.ActiveCfg = Debug|x64
		{478D14A5-AA54-4CE5-8ABE-B020E7E7DBDD}.Debug|x64.Build.0 = Debug|x64
		{478D14A5-AA54-4CE5-8ABE-B020E7E7DBDD}.Release|Any CPU.ActiveCfg = Release|Any CPU
		{478D14A5-AA54-4CE5-8ABE-B020E7E7DBDD}.Release|Any CPU.Build.0 = Release|Any CPU
		{478D14A5-AA54-4CE5-8ABE-B020E7E7DBDD}.Release|x64.ActiveCfg = Release|x64
		{478D14A5-AA54-4CE5-8ABE-B020E7E7DBDD}.Release|x64.Build.0 = Release|x64
		{176CDC05-72A1-44C5-BD7C-7487832694C8}.Debug|Any CPU.ActiveCfg = Debug|Any CPU
		{176CDC05-72A1-44C5-BD7C-7487832694C8}.Debug|Any CPU.Build.0 = Debug|Any CPU
		{176CDC05-72A1-44C5-BD7C-7487832694C8}.Debug|x64.ActiveCfg = Debug|x64
		{176CDC05-72A1-44C5-BD7C-7487832694C8}.Debug|x64.Build.0 = Debug|x64
		{176CDC05-72A1-44C5-BD7C-7487832694C8}.Release|Any CPU.ActiveCfg = Release|Any CPU
		{176CDC05-72A1-44C5-BD7C-7487832694C8}.Release|Any CPU.Build.0 = Release|Any CPU
		{176CDC05-72A1-44C5-BD7C-7487832694C8}.Release|x64.ActiveCfg = Release|x64
		{176CDC05-72A1-44C5-BD7C-7487832694C8}.Release|x64.Build.0 = Release|x64
		{C41C05C3-B25D-421B-BF17-ED098AED839A}.Debug|Any CPU.ActiveCfg = Debug|Any CPU
		{C41C05C3-B25D-421B-BF17-ED098AED839A}.Debug|Any CPU.Build.0 = Debug|Any CPU
		{C41C05C3-B25D-421B-BF17-ED098AED839A}.Debug|x64.ActiveCfg = Debug|x64
		{C41C05C3-B25D-421B-BF17-ED098AED839A}.Debug|x64.Build.0 = Debug|x64
		{C41C05C3-B25D-421B-BF17-ED098AED839A}.Release|Any CPU.ActiveCfg = Release|Any CPU
		{C41C05C3-B25D-421B-BF17-ED098AED839A}.Release|Any CPU.Build.0 = Release|Any CPU
		{C41C05C3-B25D-421B-BF17-ED098AED839A}.Release|x64.ActiveCfg = Release|x64
		{C41C05C3-B25D-421B-BF17-ED098AED839A}.Release|x64.Build.0 = Release|x64
	EndGlobalSection
	GlobalSection(SolutionProperties) = preSolution
		HideSolutionNode = FALSE
	EndGlobalSection
	GlobalSection(NestedProjects) = preSolution
		{EB71B51F-26B4-4142-86BD-935ABD0DFDBA} = {5C04A2E4-97A6-406E-B487-F0CBAD8BDA0A}
		{80B46D46-CFA4-4D91-BBBA-4C3DD34A9F06} = {5C04A2E4-97A6-406E-B487-F0CBAD8BDA0A}
		{478D14A5-AA54-4CE5-8ABE-B020E7E7DBDD} = {5C04A2E4-97A6-406E-B487-F0CBAD8BDA0A}
		{176CDC05-72A1-44C5-BD7C-7487832694C8} = {5C04A2E4-97A6-406E-B487-F0CBAD8BDA0A}
		{C41C05C3-B25D-421B-BF17-ED098AED839A} = {5C04A2E4-97A6-406E-B487-F0CBAD8BDA0A}
	EndGlobalSection
	GlobalSection(ExtensibilityGlobals) = postSolution
		SolutionGuid = {01BE9BF5-9915-43C8-929B-97A2FE1E5F71}
	EndGlobalSection
EndGlobal
